
Microsoft Visual Studio Solution File, Format Version 12.00
# Visual Studio Version 17
VisualStudioVersion = 17.0.31903.59
MinimumVisualStudioVersion = 10.0.40219.1
Project("{2150E333-8FDC-42A3-9474-1A3956D46DE8}") = "01.Src", "01.Src", "{4831462B-EB42-42E2-96C0-E89F17F77143}"
EndProject
Project("{2150E333-8FDC-42A3-9474-1A3956D46DE8}") = "01.Api", "01.Api", "{4E0C29FE-8764-405F-A075-6D4F3DDA4341}"
EndProject
Project("{2150E333-8FDC-42A3-9474-1A3956D46DE8}") = "02.Application", "02.Application", "{30339D4C-A39A-4D4D-B8BD-C234E2F82212}"
EndProject
Project("{2150E333-8FDC-42A3-9474-1A3956D46DE8}") = "03.Domain", "03.Domain", "{F688834A-DD1B-4ED0-B665-5B7A0AEEC2D3}"
EndProject
Project("{2150E333-8FDC-42A3-9474-1A3956D46DE8}") = "04.Service", "04.Service", "{C00707D3-293B-4542-8C29-6942A4FA2ACC}"
EndProject
Project("{2150E333-8FDC-42A3-9474-1A3956D46DE8}") = "05.Infra", "05.Infra", "{29689416-C924-467E-9752-0E9792357BEE}"
EndProject
Project("{2150E333-8FDC-42A3-9474-1A3956D46DE8}") = "06.CrossCutting", "06.CrossCutting", "{6B50D3C9-AED0-491F-AB6C-9D607B7CA2F7}"
EndProject
Project("{2150E333-8FDC-42A3-9474-1A3956D46DE8}") = "07.Shared", "07.Shared", "{118CB3E3-1DAD-4CA0-9FC2-CB436A763FC5}"
EndProject
Project("{2150E333-8FDC-42A3-9474-1A3956D46DE8}") = "00.Solution", "00.Solution", "{0BACDA9C-4711-4383-B936-D0A9054733D3}"
EndProject
Project("{FAE04EC0-301F-11D3-BF4B-00C04F79EFBC}") = "Congo.WebApi", "src\Congo.WebApi\Congo.WebApi.csproj", "{04E1F846-4780-4FC6-9892-0869A1E169F0}"
EndProject
Project("{FAE04EC0-301F-11D3-BF4B-00C04F79EFBC}") = "Congo.Application", "src\Congo.Application\Congo.Application.csproj", "{461F098D-5CB8-4992-BEBE-AF147DCC058F}"
EndProject
Project("{FAE04EC0-301F-11D3-BF4B-00C04F79EFBC}") = "Congo.ApiModels", "src\Congo.ApiModels\Congo.ApiModels.csproj", "{46203F86-4BB6-4BEA-9A31-4D9B794FA8A8}"
EndProject
Project("{FAE04EC0-301F-11D3-BF4B-00C04F79EFBC}") = "Congo.Domain", "src\Congo.Domain\Congo.Domain.csproj", "{6F3CF19A-5F62-45DF-AC97-A0035A57F69C}"
EndProject
Project("{FAE04EC0-301F-11D3-BF4B-00C04F79EFBC}") = "Congo.Service", "src\Congo.Service\Congo.Service.csproj", "{7DF9F247-2538-4910-995C-A1CFA8AB1800}"
EndProject
Project("{FAE04EC0-301F-11D3-BF4B-00C04F79EFBC}") = "Congo.Data", "src\Congo.Data\Congo.Data.csproj", "{AE8555EB-90F9-4541-ABF5-136A8B33E09F}"
EndProject
Project("{FAE04EC0-301F-11D3-BF4B-00C04F79EFBC}") = "Congo.ExternalServices", "src\Congo.ExternalServices\Congo.ExternalServices.csproj", "{7265E069-3789-46A6-A3B9-20C9CB61B4DA}"
EndProject
Project("{FAE04EC0-301F-11D3-BF4B-00C04F79EFBC}") = "Congo.Shared", "src\Congo.Shared\Congo.Shared.csproj", "{230A8557-B869-47BC-B321-1FF2A20E9813}"
EndProject
Project("{FAE04EC0-301F-11D3-BF4B-00C04F79EFBC}") = "Congo.IoC", "src\Congo.IoC\Congo.IoC.csproj", "{E832326F-849B-4113-8682-69D05AB9133B}"
EndProject
Global
	GlobalSection(SolutionConfigurationPlatforms) = preSolution
		Debug|Any CPU = Debug|Any CPU
		Release|Any CPU = Release|Any CPU
	EndGlobalSection
	GlobalSection(ProjectConfigurationPlatforms) = postSolution
		{04E1F846-4780-4FC6-9892-0869A1E169F0}.Debug|Any CPU.ActiveCfg = Debug|Any CPU
		{04E1F846-4780-4FC6-9892-0869A1E169F0}.Debug|Any CPU.Build.0 = Debug|Any CPU
		{04E1F846-4780-4FC6-9892-0869A1E169F0}.Release|Any CPU.ActiveCfg = Release|Any CPU
		{04E1F846-4780-4FC6-9892-0869A1E169F0}.Release|Any CPU.Build.0 = Release|Any CPU
		{461F098D-5CB8-4992-BEBE-AF147DCC058F}.Debug|Any CPU.ActiveCfg = Debug|Any CPU
		{461F098D-5CB8-4992-BEBE-AF147DCC058F}.Debug|Any CPU.Build.0 = Debug|Any CPU
		{461F098D-5CB8-4992-BEBE-AF147DCC058F}.Release|Any CPU.ActiveCfg = Release|Any CPU
		{461F098D-5CB8-4992-BEBE-AF147DCC058F}.Release|Any CPU.Build.0 = Release|Any CPU
		{46203F86-4BB6-4BEA-9A31-4D9B794FA8A8}.Debug|Any CPU.ActiveCfg = Debug|Any CPU
		{46203F86-4BB6-4BEA-9A31-4D9B794FA8A8}.Debug|Any CPU.Build.0 = Debug|Any CPU
		{46203F86-4BB6-4BEA-9A31-4D9B794FA8A8}.Release|Any CPU.ActiveCfg = Release|Any CPU
		{46203F86-4BB6-4BEA-9A31-4D9B794FA8A8}.Release|Any CPU.Build.0 = Release|Any CPU
		{6F3CF19A-5F62-45DF-AC97-A0035A57F69C}.Debug|Any CPU.ActiveCfg = Debug|Any CPU
		{6F3CF19A-5F62-45DF-AC97-A0035A57F69C}.Debug|Any CPU.Build.0 = Debug|Any CPU
		{6F3CF19A-5F62-45DF-AC97-A0035A57F69C}.Release|Any CPU.ActiveCfg = Release|Any CPU
		{6F3CF19A-5F62-45DF-AC97-A0035A57F69C}.Release|Any CPU.Build.0 = Release|Any CPU
		{7DF9F247-2538-4910-995C-A1CFA8AB1800}.Debug|Any CPU.ActiveCfg = Debug|Any CPU
		{7DF9F247-2538-4910-995C-A1CFA8AB1800}.Debug|Any CPU.Build.0 = Debug|Any CPU
		{7DF9F247-2538-4910-995C-A1CFA8AB1800}.Release|Any CPU.ActiveCfg = Release|Any CPU
		{7DF9F247-2538-4910-995C-A1CFA8AB1800}.Release|Any CPU.Build.0 = Release|Any CPU
		{AE8555EB-90F9-4541-ABF5-136A8B33E09F}.Debug|Any CPU.ActiveCfg = Debug|Any CPU
		{AE8555EB-90F9-4541-ABF5-136A8B33E09F}.Debug|Any CPU.Build.0 = Debug|Any CPU
		{AE8555EB-90F9-4541-ABF5-136A8B33E09F}.Release|Any CPU.ActiveCfg = Release|Any CPU
		{AE8555EB-90F9-4541-ABF5-136A8B33E09F}.Release|Any CPU.Build.0 = Release|Any CPU
		{7265E069-3789-46A6-A3B9-20C9CB61B4DA}.Debug|Any CPU.ActiveCfg = Debug|Any CPU
		{7265E069-3789-46A6-A3B9-20C9CB61B4DA}.Debug|Any CPU.Build.0 = Debug|Any CPU
		{7265E069-3789-46A6-A3B9-20C9CB61B4DA}.Release|Any CPU.ActiveCfg = Release|Any CPU
		{7265E069-3789-46A6-A3B9-20C9CB61B4DA}.Release|Any CPU.Build.0 = Release|Any CPU
		{230A8557-B869-47BC-B321-1FF2A20E9813}.Debug|Any CPU.ActiveCfg = Debug|Any CPU
		{230A8557-B869-47BC-B321-1FF2A20E9813}.Debug|Any CPU.Build.0 = Debug|Any CPU
		{230A8557-B869-47BC-B321-1FF2A20E9813}.Release|Any CPU.ActiveCfg = Release|Any CPU
		{230A8557-B869-47BC-B321-1FF2A20E9813}.Release|Any CPU.Build.0 = Release|Any CPU
		{E832326F-849B-4113-8682-69D05AB9133B}.Debug|Any CPU.ActiveCfg = Debug|Any CPU
		{E832326F-849B-4113-8682-69D05AB9133B}.Debug|Any CPU.Build.0 = Debug|Any CPU
		{E832326F-849B-4113-8682-69D05AB9133B}.Release|Any CPU.ActiveCfg = Release|Any CPU
		{E832326F-849B-4113-8682-69D05AB9133B}.Release|Any CPU.Build.0 = Release|Any CPU
	EndGlobalSection
	GlobalSection(SolutionProperties) = preSolution
		HideSolutionNode = FALSE
	EndGlobalSection
	GlobalSection(NestedProjects) = preSolution
		{4E0C29FE-8764-405F-A075-6D4F3DDA4341} = {4831462B-EB42-42E2-96C0-E89F17F77143}
		{30339D4C-A39A-4D4D-B8BD-C234E2F82212} = {4831462B-EB42-42E2-96C0-E89F17F77143}
		{F688834A-DD1B-4ED0-B665-5B7A0AEEC2D3} = {4831462B-EB42-42E2-96C0-E89F17F77143}
		{C00707D3-293B-4542-8C29-6942A4FA2ACC} = {4831462B-EB42-42E2-96C0-E89F17F77143}
		{29689416-C924-467E-9752-0E9792357BEE} = {4831462B-EB42-42E2-96C0-E89F17F77143}
		{6B50D3C9-AED0-491F-AB6C-9D607B7CA2F7} = {4831462B-EB42-42E2-96C0-E89F17F77143}
		{118CB3E3-1DAD-4CA0-9FC2-CB436A763FC5} = {4831462B-EB42-42E2-96C0-E89F17F77143}
		{04E1F846-4780-4FC6-9892-0869A1E169F0} = {4E0C29FE-8764-405F-A075-6D4F3DDA4341}
		{461F098D-5CB8-4992-BEBE-AF147DCC058F} = {30339D4C-A39A-4D4D-B8BD-C234E2F82212}
		{46203F86-4BB6-4BEA-9A31-4D9B794FA8A8} = {4E0C29FE-8764-405F-A075-6D4F3DDA4341}
		{6F3CF19A-5F62-45DF-AC97-A0035A57F69C} = {F688834A-DD1B-4ED0-B665-5B7A0AEEC2D3}
		{7DF9F247-2538-4910-995C-A1CFA8AB1800} = {C00707D3-293B-4542-8C29-6942A4FA2ACC}
		{AE8555EB-90F9-4541-ABF5-136A8B33E09F} = {29689416-C924-467E-9752-0E9792357BEE}
		{7265E069-3789-46A6-A3B9-20C9CB61B4DA} = {29689416-C924-467E-9752-0E9792357BEE}
		{230A8557-B869-47BC-B321-1FF2A20E9813} = {118CB3E3-1DAD-4CA0-9FC2-CB436A763FC5}
		{E832326F-849B-4113-8682-69D05AB9133B} = {6B50D3C9-AED0-491F-AB6C-9D607B7CA2F7}
	EndGlobalSection
	GlobalSection(ExtensibilityGlobals) = postSolution
		SolutionGuid = {3A26807F-41F1-4DE1-BDD0-FB735F049683}
	EndGlobalSection
EndGlobal
